{
    "_readme": [
        "This file locks the dependencies of your project to a known state",
        "Read more about it at https://getcomposer.org/doc/01-basic-usage.md#installing-dependencies",
        "This file is @generated automatically"
    ],
    "content-hash": "06ef0a3d5716f5496d41c996719168e4",
    "packages": [],
    "packages-dev": [
        {
            "name": "shopware/plugin-dev-tools",
            "version": "dev-2.x-dev",
            "source": {
                "type": "git",
                "url": "https://github.com/shopwareLabs/plugin-dev-tools.git",
                "reference": "4e7207571a9690c16fb4bc8c744dcb3436b9b34f"
            },
            "dist": {
                "type": "zip",
                "url": "https://api.github.com/repos/shopwareLabs/plugin-dev-tools/zipball/4e7207571a9690c16fb4bc8c744dcb3436b9b34f",
                "reference": "4e7207571a9690c16fb4bc8c744dcb3436b9b34f",
                "shasum": ""
            },
            "type": "application",
            "authors": [
                {
                    "name": "Simon Bäumer",
                    "email": "s.baeumer@shopware.com"
                }
            ],
            "description": "Tools for plugin development.",
            "support": {
                "source": "https://github.com/shopwareLabs/plugin-dev-tools/tree/2.x-dev",
                "issues": "https://github.com/shopwareLabs/plugin-dev-tools/issues"
            },
            "time": "2020-10-21T07:06:34+00:00"
        }
    ],
    "aliases": [],
    "minimum-stability": "stable",
    "stability-flags": {
        "shopware/plugin-dev-tools": 20
    },
    "prefer-stable": false,
    "prefer-lowest": false,
    "platform": [],
    "platform-dev": []
}
